// !$*UTF8*$!
{
	archiveVersion = 1;
	classes = {
	};
	objectVersion = 55;
	objects = {

/* Begin PBXBuildFile section */
		400896EA292BB95400149E81 /* CharactersCollectionViewCell.swift in Sources */ = {isa = PBXBuildFile; fileRef = 400896E9292BB95400149E81 /* CharactersCollectionViewCell.swift */; };
		401E5381292E18BC00E05A8A /* BaseResponse.swift in Sources */ = {isa = PBXBuildFile; fileRef = 401E5380292E18BC00E05A8A /* BaseResponse.swift */; };
		401E5383292E18D000E05A8A /* Character.swift in Sources */ = {isa = PBXBuildFile; fileRef = 401E5382292E18D000E05A8A /* Character.swift */; };
		401E5385292E195800E05A8A /* Client.swift in Sources */ = {isa = PBXBuildFile; fileRef = 401E5384292E195800E05A8A /* Client.swift */; };
		4043660B293116A600BD9079 /* BaseViewController.swift in Sources */ = {isa = PBXBuildFile; fileRef = 4043660A293116A600BD9079 /* BaseViewController.swift */; };
		4076390C292BA0F0009B302E /* AppDelegate.swift in Sources */ = {isa = PBXBuildFile; fileRef = 4076390B292BA0F0009B302E /* AppDelegate.swift */; };
		4076390E292BA0F0009B302E /* SceneDelegate.swift in Sources */ = {isa = PBXBuildFile; fileRef = 4076390D292BA0F0009B302E /* SceneDelegate.swift */; };
		40763910292BA0F0009B302E /* CharactersViewController.swift in Sources */ = {isa = PBXBuildFile; fileRef = 4076390F292BA0F0009B302E /* CharactersViewController.swift */; };
		40763913292BA0F0009B302E /* Main.storyboard in Resources */ = {isa = PBXBuildFile; fileRef = 40763911292BA0F0009B302E /* Main.storyboard */; };
		40763915292BA0F1009B302E /* Assets.xcassets in Resources */ = {isa = PBXBuildFile; fileRef = 40763914292BA0F1009B302E /* Assets.xcassets */; };
		40763918292BA0F1009B302E /* LaunchScreen.storyboard in Resources */ = {isa = PBXBuildFile; fileRef = 40763916292BA0F1009B302E /* LaunchScreen.storyboard */; };
		40AC8978292EAC66009747D2 /* Quotes.swift in Sources */ = {isa = PBXBuildFile; fileRef = 40AC8977292EAC66009747D2 /* Quotes.swift */; };
		40AC897B292EB008009747D2 /* QuotesTableViewCell.swift in Sources */ = {isa = PBXBuildFile; fileRef = 40AC8979292EB008009747D2 /* QuotesTableViewCell.swift */; };
		40AC897C292EB008009747D2 /* QuotesTableViewCell.xib in Resources */ = {isa = PBXBuildFile; fileRef = 40AC897A292EB008009747D2 /* QuotesTableViewCell.xib */; };
		40AC8980292EB80D009747D2 /* Episode.swift in Sources */ = {isa = PBXBuildFile; fileRef = 40AC897F292EB80D009747D2 /* Episode.swift */; };
		40B394B72934A70800F05998 /* MaterialActivityIndicator in Frameworks */ = {isa = PBXBuildFile; productRef = 40B394B62934A70800F05998 /* MaterialActivityIndicator */; };
		40B394B92934A70C00F05998 /* SDWebImage in Frameworks */ = {isa = PBXBuildFile; productRef = 40B394B82934A70C00F05998 /* SDWebImage */; };
		40B394BB2934A71300F05998 /* SwiftAlertView in Frameworks */ = {isa = PBXBuildFile; productRef = 40B394BA2934A71300F05998 /* SwiftAlertView */; };
		40B394BD2934A92200F05998 /* NoteListViewController.swift in Sources */ = {isa = PBXBuildFile; fileRef = 40B394BC2934A92200F05998 /* NoteListViewController.swift */; };
		40B394C02934C8A800F05998 /* NoteCoreDataModel.xcdatamodeld in Sources */ = {isa = PBXBuildFile; fileRef = 40B394BE2934C8A700F05998 /* NoteCoreDataModel.xcdatamodeld */; };
		40B394C22934C9E200F05998 /* CoreDataManager.swift in Sources */ = {isa = PBXBuildFile; fileRef = 40B394C12934C9E200F05998 /* CoreDataManager.swift */; };
		40B394C62934D76200F05998 /* NoteTableViewCell.swift in Sources */ = {isa = PBXBuildFile; fileRef = 40B394C42934D76200F05998 /* NoteTableViewCell.swift */; };
		40B394C72934D76200F05998 /* NoteTableViewCell.xib in Resources */ = {isa = PBXBuildFile; fileRef = 40B394C52934D76200F05998 /* NoteTableViewCell.xib */; };
		40C7082A292CB2C700D3BD45 /* ImdbWebViewViewController.swift in Sources */ = {isa = PBXBuildFile; fileRef = 40C70829292CB2C700D3BD45 /* ImdbWebViewViewController.swift */; };
		40F36D2E2933B5C9005D5C8A /* PopUpView.swift in Sources */ = {isa = PBXBuildFile; fileRef = 40F36D2D2933B5C9005D5C8A /* PopUpView.swift */; };
		40F36D302933B5E3005D5C8A /* PopUpView.xib in Resources */ = {isa = PBXBuildFile; fileRef = 40F36D2F2933B5E3005D5C8A /* PopUpView.xib */; };
		40FB206E292BC10C00177940 /* CharacterDetailsViewController.swift in Sources */ = {isa = PBXBuildFile; fileRef = 40FB206D292BC10C00177940 /* CharacterDetailsViewController.swift */; };
		40FB2071292BC19300177940 /* CharacterQuotesViewController.swift in Sources */ = {isa = PBXBuildFile; fileRef = 40FB2070292BC19300177940 /* CharacterQuotesViewController.swift */; };
		40FB2075292BCBDA00177940 /* EpisodesTableViewCell.swift in Sources */ = {isa = PBXBuildFile; fileRef = 40FB2073292BCBDA00177940 /* EpisodesTableViewCell.swift */; };
		40FB2076292BCBDA00177940 /* EpisodesTableViewCell.xib in Resources */ = {isa = PBXBuildFile; fileRef = 40FB2074292BCBDA00177940 /* EpisodesTableViewCell.xib */; };
		40FB2078292BCCC900177940 /* EpisodeListViewController.swift in Sources */ = {isa = PBXBuildFile; fileRef = 40FB2077292BCCC900177940 /* EpisodeListViewController.swift */; };
/* End PBXBuildFile section */

/* Begin PBXFileReference section */
		400896E9292BB95400149E81 /* CharactersCollectionViewCell.swift */ = {isa = PBXFileReference; lastKnownFileType = sourcecode.swift; path = CharactersCollectionViewCell.swift; sourceTree = "<group>"; };
		401E5380292E18BC00E05A8A /* BaseResponse.swift */ = {isa = PBXFileReference; lastKnownFileType = sourcecode.swift; path = BaseResponse.swift; sourceTree = "<group>"; };
		401E5382292E18D000E05A8A /* Character.swift */ = {isa = PBXFileReference; lastKnownFileType = sourcecode.swift; path = Character.swift; sourceTree = "<group>"; };
		401E5384292E195800E05A8A /* Client.swift */ = {isa = PBXFileReference; lastKnownFileType = sourcecode.swift; path = Client.swift; sourceTree = "<group>"; };
		4043660A293116A600BD9079 /* BaseViewController.swift */ = {isa = PBXFileReference; lastKnownFileType = sourcecode.swift; path = BaseViewController.swift; sourceTree = "<group>"; };
		40763908292BA0F0009B302E /* BreakingBadApp.app */ = {isa = PBXFileReference; explicitFileType = wrapper.application; includeInIndex = 0; path = BreakingBadApp.app; sourceTree = BUILT_PRODUCTS_DIR; };
		4076390B292BA0F0009B302E /* AppDelegate.swift */ = {isa = PBXFileReference; lastKnownFileType = sourcecode.swift; path = AppDelegate.swift; sourceTree = "<group>"; };
		4076390D292BA0F0009B302E /* SceneDelegate.swift */ = {isa = PBXFileReference; lastKnownFileType = sourcecode.swift; path = SceneDelegate.swift; sourceTree = "<group>"; };
		4076390F292BA0F0009B302E /* CharactersViewController.swift */ = {isa = PBXFileReference; lastKnownFileType = sourcecode.swift; path = CharactersViewController.swift; sourceTree = "<group>"; };
		40763912292BA0F0009B302E /* Base */ = {isa = PBXFileReference; lastKnownFileType = file.storyboard; name = Base; path = Base.lproj/Main.storyboard; sourceTree = "<group>"; };
		40763914292BA0F1009B302E /* Assets.xcassets */ = {isa = PBXFileReference; lastKnownFileType = folder.assetcatalog; path = Assets.xcassets; sourceTree = "<group>"; };
		40763917292BA0F1009B302E /* Base */ = {isa = PBXFileReference; lastKnownFileType = file.storyboard; name = Base; path = Base.lproj/LaunchScreen.storyboard; sourceTree = "<group>"; };
		40763919292BA0F1009B302E /* Info.plist */ = {isa = PBXFileReference; lastKnownFileType = text.plist.xml; path = Info.plist; sourceTree = "<group>"; };
		40AC8977292EAC66009747D2 /* Quotes.swift */ = {isa = PBXFileReference; lastKnownFileType = sourcecode.swift; path = Quotes.swift; sourceTree = "<group>"; };
		40AC8979292EB008009747D2 /* QuotesTableViewCell.swift */ = {isa = PBXFileReference; lastKnownFileType = sourcecode.swift; path = QuotesTableViewCell.swift; sourceTree = "<group>"; };
		40AC897A292EB008009747D2 /* QuotesTableViewCell.xib */ = {isa = PBXFileReference; lastKnownFileType = file.xib; path = QuotesTableViewCell.xib; sourceTree = "<group>"; };
		40AC897F292EB80D009747D2 /* Episode.swift */ = {isa = PBXFileReference; lastKnownFileType = sourcecode.swift; path = Episode.swift; sourceTree = "<group>"; };
		40B394BC2934A92200F05998 /* NoteListViewController.swift */ = {isa = PBXFileReference; lastKnownFileType = sourcecode.swift; path = NoteListViewController.swift; sourceTree = "<group>"; };
		40B394BF2934C8A700F05998 /* NoteCoreDataModel.xcdatamodel */ = {isa = PBXFileReference; lastKnownFileType = wrapper.xcdatamodel; path = NoteCoreDataModel.xcdatamodel; sourceTree = "<group>"; };
		40B394C12934C9E200F05998 /* CoreDataManager.swift */ = {isa = PBXFileReference; lastKnownFileType = sourcecode.swift; path = CoreDataManager.swift; sourceTree = "<group>"; };
		40B394C42934D76200F05998 /* NoteTableViewCell.swift */ = {isa = PBXFileReference; lastKnownFileType = sourcecode.swift; path = NoteTableViewCell.swift; sourceTree = "<group>"; };
		40B394C52934D76200F05998 /* NoteTableViewCell.xib */ = {isa = PBXFileReference; lastKnownFileType = file.xib; path = NoteTableViewCell.xib; sourceTree = "<group>"; };
		40C70829292CB2C700D3BD45 /* ImdbWebViewViewController.swift */ = {isa = PBXFileReference; lastKnownFileType = sourcecode.swift; path = ImdbWebViewViewController.swift; sourceTree = "<group>"; };
		40F36D2D2933B5C9005D5C8A /* PopUpView.swift */ = {isa = PBXFileReference; lastKnownFileType = sourcecode.swift; path = PopUpView.swift; sourceTree = "<group>"; };
		40F36D2F2933B5E3005D5C8A /* PopUpView.xib */ = {isa = PBXFileReference; lastKnownFileType = file.xib; path = PopUpView.xib; sourceTree = "<group>"; };
		40FB206D292BC10C00177940 /* CharacterDetailsViewController.swift */ = {isa = PBXFileReference; lastKnownFileType = sourcecode.swift; path = CharacterDetailsViewController.swift; sourceTree = "<group>"; };
		40FB2070292BC19300177940 /* CharacterQuotesViewController.swift */ = {isa = PBXFileReference; lastKnownFileType = sourcecode.swift; path = CharacterQuotesViewController.swift; sourceTree = "<group>"; };
		40FB2073292BCBDA00177940 /* EpisodesTableViewCell.swift */ = {isa = PBXFileReference; lastKnownFileType = sourcecode.swift; path = EpisodesTableViewCell.swift; sourceTree = "<group>"; };
		40FB2074292BCBDA00177940 /* EpisodesTableViewCell.xib */ = {isa = PBXFileReference; lastKnownFileType = file.xib; path = EpisodesTableViewCell.xib; sourceTree = "<group>"; };
		40FB2077292BCCC900177940 /* EpisodeListViewController.swift */ = {isa = PBXFileReference; lastKnownFileType = sourcecode.swift; path = EpisodeListViewController.swift; sourceTree = "<group>"; };
/* End PBXFileReference section */

/* Begin PBXFrameworksBuildPhase section */
		40763905292BA0F0009B302E /* Frameworks */ = {
			isa = PBXFrameworksBuildPhase;
			buildActionMask = 2147483647;
			files = (
				40B394BB2934A71300F05998 /* SwiftAlertView in Frameworks */,
				40B394B92934A70C00F05998 /* SDWebImage in Frameworks */,
				40B394B72934A70800F05998 /* MaterialActivityIndicator in Frameworks */,
			);
			runOnlyForDeploymentPostprocessing = 0;
		};
/* End PBXFrameworksBuildPhase section */

/* Begin PBXGroup section */
		401E537E292E181F00E05A8A /* Model */ = {
			isa = PBXGroup;
			children = (
				401E5380292E18BC00E05A8A /* BaseResponse.swift */,
				401E5382292E18D000E05A8A /* Character.swift */,
				40AC8977292EAC66009747D2 /* Quotes.swift */,
				40AC897F292EB80D009747D2 /* Episode.swift */,
				40B394C12934C9E200F05998 /* CoreDataManager.swift */,
			);
			path = Model;
			sourceTree = "<group>";
		};
		401E537F292E182800E05A8A /* Service */ = {
			isa = PBXGroup;
			children = (
				401E5384292E195800E05A8A /* Client.swift */,
			);
			path = Service;
			sourceTree = "<group>";
		};
		407638FF292BA0F0009B302E = {
			isa = PBXGroup;
			children = (
				4076390A292BA0F0009B302E /* BreakingBadApp */,
				40763909292BA0F0009B302E /* Products */,
				40B394B52934A70800F05998 /* Frameworks */,
			);
			sourceTree = "<group>";
		};
		40763909292BA0F0009B302E /* Products */ = {
			isa = PBXGroup;
			children = (
				40763908292BA0F0009B302E /* BreakingBadApp.app */,
			);
			name = Products;
			sourceTree = "<group>";
		};
		4076390A292BA0F0009B302E /* BreakingBadApp */ = {
			isa = PBXGroup;
			children = (
				4084BC2329322E550027EA66 /* App */,
				40763921292BA59C009B302E /* Controllers */,
				401E537F292E182800E05A8A /* Service */,
				401E537E292E181F00E05A8A /* Model */,
				4076391F292BA1AB009B302E /* View */,
				40763919292BA0F1009B302E /* Info.plist */,
				40B394BE2934C8A700F05998 /* NoteCoreDataModel.xcdatamodeld */,
			);
			path = BreakingBadApp;
			sourceTree = "<group>";
		};
		4076391F292BA1AB009B302E /* View */ = {
			isa = PBXGroup;
			children = (
				40F36D312933B7E2005D5C8A /* PopUpView */,
				40FB2072292BCA9900177940 /* TableViews */,
				40763922292BA5A9009B302E /* CollectionViews */,
			);
			path = View;
			sourceTree = "<group>";
		};
		40763920292BA583009B302E /* CharactersCollectionView */ = {
			isa = PBXGroup;
			children = (
				400896E9292BB95400149E81 /* CharactersCollectionViewCell.swift */,
			);
			path = CharactersCollectionView;
			sourceTree = "<group>";
		};
		40763921292BA59C009B302E /* Controllers */ = {
			isa = PBXGroup;
			children = (
				4043660A293116A600BD9079 /* BaseViewController.swift */,
				4076390F292BA0F0009B302E /* CharactersViewController.swift */,
				40FB206D292BC10C00177940 /* CharacterDetailsViewController.swift */,
				40FB2070292BC19300177940 /* CharacterQuotesViewController.swift */,
				40FB2077292BCCC900177940 /* EpisodeListViewController.swift */,
				40C70829292CB2C700D3BD45 /* ImdbWebViewViewController.swift */,
				40B394BC2934A92200F05998 /* NoteListViewController.swift */,
			);
			path = Controllers;
			sourceTree = "<group>";
		};
		40763922292BA5A9009B302E /* CollectionViews */ = {
			isa = PBXGroup;
			children = (
				40763920292BA583009B302E /* CharactersCollectionView */,
			);
			path = CollectionViews;
			sourceTree = "<group>";
		};
		4084BC2329322E550027EA66 /* App */ = {
			isa = PBXGroup;
			children = (
				4076390B292BA0F0009B302E /* AppDelegate.swift */,
				4076390D292BA0F0009B302E /* SceneDelegate.swift */,
				40763911292BA0F0009B302E /* Main.storyboard */,
				40763914292BA0F1009B302E /* Assets.xcassets */,
				40763916292BA0F1009B302E /* LaunchScreen.storyboard */,
			);
			path = App;
			sourceTree = "<group>";
		};
		40AC897D292EB00B009747D2 /* Episodes */ = {
			isa = PBXGroup;
			children = (
				40FB2073292BCBDA00177940 /* EpisodesTableViewCell.swift */,
				40FB2074292BCBDA00177940 /* EpisodesTableViewCell.xib */,
			);
			path = Episodes;
			sourceTree = "<group>";
		};
		40AC897E292EB01E009747D2 /* Quotes */ = {
			isa = PBXGroup;
			children = (
				40AC8979292EB008009747D2 /* QuotesTableViewCell.swift */,
				40AC897A292EB008009747D2 /* QuotesTableViewCell.xib */,
			);
			path = Quotes;
			sourceTree = "<group>";
		};
		40B394B52934A70800F05998 /* Frameworks */ = {
			isa = PBXGroup;
			children = (
			);
			name = Frameworks;
			sourceTree = "<group>";
		};
		40B394C32934D73300F05998 /* Notes */ = {
			isa = PBXGroup;
			children = (
				40B394C42934D76200F05998 /* NoteTableViewCell.swift */,
				40B394C52934D76200F05998 /* NoteTableViewCell.xib */,
			);
			path = Notes;
			sourceTree = "<group>";
		};
		40F36D312933B7E2005D5C8A /* PopUpView */ = {
			isa = PBXGroup;
			children = (
				40F36D2D2933B5C9005D5C8A /* PopUpView.swift */,
				40F36D2F2933B5E3005D5C8A /* PopUpView.xib */,
			);
			path = PopUpView;
			sourceTree = "<group>";
		};
		40FB2072292BCA9900177940 /* TableViews */ = {
			isa = PBXGroup;
			children = (
				40B394C32934D73300F05998 /* Notes */,
				40AC897E292EB01E009747D2 /* Quotes */,
				40AC897D292EB00B009747D2 /* Episodes */,
			);
			path = TableViews;
			sourceTree = "<group>";
		};
/* End PBXGroup section */

/* Begin PBXNativeTarget section */
		40763907292BA0F0009B302E /* BreakingBadApp */ = {
			isa = PBXNativeTarget;
			buildConfigurationList = 4076391C292BA0F1009B302E /* Build configuration list for PBXNativeTarget "BreakingBadApp" */;
			buildPhases = (
				40763904292BA0F0009B302E /* Sources */,
				40763905292BA0F0009B302E /* Frameworks */,
				40763906292BA0F0009B302E /* Resources */,
			);
			buildRules = (
			);
			dependencies = (
			);
			name = BreakingBadApp;
			packageProductDependencies = (
				40B394B62934A70800F05998 /* MaterialActivityIndicator */,
				40B394B82934A70C00F05998 /* SDWebImage */,
				40B394BA2934A71300F05998 /* SwiftAlertView */,
			);
			productName = BreakingBadApp;
			productReference = 40763908292BA0F0009B302E /* BreakingBadApp.app */;
			productType = "com.apple.product-type.application";
		};
/* End PBXNativeTarget section */

/* Begin PBXProject section */
		40763900292BA0F0009B302E /* Project object */ = {
			isa = PBXProject;
			attributes = {
				BuildIndependentTargetsInParallel = 1;
				LastSwiftUpdateCheck = 1340;
				LastUpgradeCheck = 1340;
				TargetAttributes = {
					40763907292BA0F0009B302E = {
						CreatedOnToolsVersion = 13.4.1;
					};
				};
			};
			buildConfigurationList = 40763903292BA0F0009B302E /* Build configuration list for PBXProject "BreakingBadApp" */;
			compatibilityVersion = "Xcode 13.0";
			developmentRegion = en;
			hasScannedForEncodings = 0;
			knownRegions = (
				en,
				Base,
			);
			mainGroup = 407638FF292BA0F0009B302E;
			packageReferences = (
				404366072931099100BD9079 /* XCRemoteSwiftPackageReference "MaterialActivityIndicator" */,
				4043660E293120D100BD9079 /* XCRemoteSwiftPackageReference "SDWebImage" */,
				40436611293127BB00BD9079 /* XCRemoteSwiftPackageReference "SwiftAlertView" */,
				40B394B22934A6CE00F05998 /* XCRemoteSwiftPackageReference "SDWebImage" */,
			);
			productRefGroup = 40763909292BA0F0009B302E /* Products */;
			projectDirPath = "";
			projectRoot = "";
			targets = (
				40763907292BA0F0009B302E /* BreakingBadApp */,
			);
		};
/* End PBXProject section */

/* Begin PBXResourcesBuildPhase section */
		40763906292BA0F0009B302E /* Resources */ = {
			isa = PBXResourcesBuildPhase;
			buildActionMask = 2147483647;
			files = (
				40B394C72934D76200F05998 /* NoteTableViewCell.xib in Resources */,
				40763918292BA0F1009B302E /* LaunchScreen.storyboard in Resources */,
				40FB2076292BCBDA00177940 /* EpisodesTableViewCell.xib in Resources */,
				40763915292BA0F1009B302E /* Assets.xcassets in Resources */,
				40F36D302933B5E3005D5C8A /* PopUpView.xib in Resources */,
				40AC897C292EB008009747D2 /* QuotesTableViewCell.xib in Resources */,
				40763913292BA0F0009B302E /* Main.storyboard in Resources */,
			);
			runOnlyForDeploymentPostprocessing = 0;
		};
/* End PBXResourcesBuildPhase section */

/* Begin PBXSourcesBuildPhase section */
		40763904292BA0F0009B302E /* Sources */ = {
			isa = PBXSourcesBuildPhase;
			buildActionMask = 2147483647;
			files = (
				40C7082A292CB2C700D3BD45 /* ImdbWebViewViewController.swift in Sources */,
				40F36D2E2933B5C9005D5C8A /* PopUpView.swift in Sources */,
				40FB2075292BCBDA00177940 /* EpisodesTableViewCell.swift in Sources */,
				401E5385292E195800E05A8A /* Client.swift in Sources */,
				40B394BD2934A92200F05998 /* NoteListViewController.swift in Sources */,
				40B394C62934D76200F05998 /* NoteTableViewCell.swift in Sources */,
				401E5383292E18D000E05A8A /* Character.swift in Sources */,
				40AC897B292EB008009747D2 /* QuotesTableViewCell.swift in Sources */,
				400896EA292BB95400149E81 /* CharactersCollectionViewCell.swift in Sources */,
				40AC8978292EAC66009747D2 /* Quotes.swift in Sources */,
				40763910292BA0F0009B302E /* CharactersViewController.swift in Sources */,
				40FB206E292BC10C00177940 /* CharacterDetailsViewController.swift in Sources */,
				4043660B293116A600BD9079 /* BaseViewController.swift in Sources */,
				401E5381292E18BC00E05A8A /* BaseResponse.swift in Sources */,
				4076390C292BA0F0009B302E /* AppDelegate.swift in Sources */,
				4076390E292BA0F0009B302E /* SceneDelegate.swift in Sources */,
				40FB2078292BCCC900177940 /* EpisodeListViewController.swift in Sources */,
				40B394C02934C8A800F05998 /* NoteCoreDataModel.xcdatamodeld in Sources */,
				40AC8980292EB80D009747D2 /* Episode.swift in Sources */,
				40B394C22934C9E200F05998 /* CoreDataManager.swift in Sources */,
				40FB2071292BC19300177940 /* CharacterQuotesViewController.swift in Sources */,
			);
			runOnlyForDeploymentPostprocessing = 0;
		};
/* End PBXSourcesBuildPhase section */

/* Begin PBXVariantGroup section */
		40763911292BA0F0009B302E /* Main.storyboard */ = {
			isa = PBXVariantGroup;
			children = (
				40763912292BA0F0009B302E /* Base */,
			);
			name = Main.storyboard;
			sourceTree = "<group>";
		};
		40763916292BA0F1009B302E /* LaunchScreen.storyboard */ = {
			isa = PBXVariantGroup;
			children = (
				40763917292BA0F1009B302E /* Base */,
			);
			name = LaunchScreen.storyboard;
			sourceTree = "<group>";
		};
/* End PBXVariantGroup section */

/* Begin XCBuildConfiguration section */
		4076391A292BA0F1009B302E /* Debug */ = {
			isa = XCBuildConfiguration;
			buildSettings = {
				ALWAYS_SEARCH_USER_PATHS = NO;
				CLANG_ANALYZER_NONNULL = YES;
				CLANG_ANALYZER_NUMBER_OBJECT_CONVERSION = YES_AGGRESSIVE;
				CLANG_CXX_LANGUAGE_STANDARD = "gnu++17";
				CLANG_ENABLE_MODULES = YES;
				CLANG_ENABLE_OBJC_ARC = YES;
				CLANG_ENABLE_OBJC_WEAK = YES;
				CLANG_WARN_BLOCK_CAPTURE_AUTORELEASING = YES;
				CLANG_WARN_BOOL_CONVERSION = YES;
				CLANG_WARN_COMMA = YES;
				CLANG_WARN_CONSTANT_CONVERSION = YES;
				CLANG_WARN_DEPRECATED_OBJC_IMPLEMENTATIONS = YES;
				CLANG_WARN_DIRECT_OBJC_ISA_USAGE = YES_ERROR;
				CLANG_WARN_DOCUMENTATION_COMMENTS = YES;
				CLANG_WARN_EMPTY_BODY = YES;
				CLANG_WARN_ENUM_CONVERSION = YES;
				CLANG_WARN_INFINITE_RECURSION = YES;
				CLANG_WARN_INT_CONVERSION = YES;
				CLANG_WARN_NON_LITERAL_NULL_CONVERSION = YES;
				CLANG_WARN_OBJC_IMPLICIT_RETAIN_SELF = YES;
				CLANG_WARN_OBJC_LITERAL_CONVERSION = YES;
				CLANG_WARN_OBJC_ROOT_CLASS = YES_ERROR;
				CLANG_WARN_QUOTED_INCLUDE_IN_FRAMEWORK_HEADER = YES;
				CLANG_WARN_RANGE_LOOP_ANALYSIS = YES;
				CLANG_WARN_STRICT_PROTOTYPES = YES;
				CLANG_WARN_SUSPICIOUS_MOVE = YES;
				CLANG_WARN_UNGUARDED_AVAILABILITY = YES_AGGRESSIVE;
				CLANG_WARN_UNREACHABLE_CODE = YES;
				CLANG_WARN__DUPLICATE_METHOD_MATCH = YES;
				COPY_PHASE_STRIP = NO;
				DEBUG_INFORMATION_FORMAT = dwarf;
				ENABLE_STRICT_OBJC_MSGSEND = YES;
				ENABLE_TESTABILITY = YES;
				GCC_C_LANGUAGE_STANDARD = gnu11;
				GCC_DYNAMIC_NO_PIC = NO;
				GCC_NO_COMMON_BLOCKS = YES;
				GCC_OPTIMIZATION_LEVEL = 0;
				GCC_PREPROCESSOR_DEFINITIONS = (
					"DEBUG=1",
					"$(inherited)",
				);
				GCC_WARN_64_TO_32_BIT_CONVERSION = YES;
				GCC_WARN_ABOUT_RETURN_TYPE = YES_ERROR;
				GCC_WARN_UNDECLARED_SELECTOR = YES;
				GCC_WARN_UNINITIALIZED_AUTOS = YES_AGGRESSIVE;
				GCC_WARN_UNUSED_FUNCTION = YES;
				GCC_WARN_UNUSED_VARIABLE = YES;
				IPHONEOS_DEPLOYMENT_TARGET = 15.5;
				MTL_ENABLE_DEBUG_INFO = INCLUDE_SOURCE;
				MTL_FAST_MATH = YES;
				ONLY_ACTIVE_ARCH = YES;
				SDKROOT = iphoneos;
				SWIFT_ACTIVE_COMPILATION_CONDITIONS = DEBUG;
				SWIFT_OPTIMIZATION_LEVEL = "-Onone";
			};
			name = Debug;
		};
		4076391B292BA0F1009B302E /* Release */ = {
			isa = XCBuildConfiguration;
			buildSettings = {
				ALWAYS_SEARCH_USER_PATHS = NO;
				CLANG_ANALYZER_NONNULL = YES;
				CLANG_ANALYZER_NUMBER_OBJECT_CONVERSION = YES_AGGRESSIVE;
				CLANG_CXX_LANGUAGE_STANDARD = "gnu++17";
				CLANG_ENABLE_MODULES = YES;
				CLANG_ENABLE_OBJC_ARC = YES;
				CLANG_ENABLE_OBJC_WEAK = YES;
				CLANG_WARN_BLOCK_CAPTURE_AUTORELEASING = YES;
				CLANG_WARN_BOOL_CONVERSION = YES;
				CLANG_WARN_COMMA = YES;
				CLANG_WARN_CONSTANT_CONVERSION = YES;
				CLANG_WARN_DEPRECATED_OBJC_IMPLEMENTATIONS = YES;
				CLANG_WARN_DIRECT_OBJC_ISA_USAGE = YES_ERROR;
				CLANG_WARN_DOCUMENTATION_COMMENTS = YES;
				CLANG_WARN_EMPTY_BODY = YES;
				CLANG_WARN_ENUM_CONVERSION = YES;
				CLANG_WARN_INFINITE_RECURSION = YES;
				CLANG_WARN_INT_CONVERSION = YES;
				CLANG_WARN_NON_LITERAL_NULL_CONVERSION = YES;
				CLANG_WARN_OBJC_IMPLICIT_RETAIN_SELF = YES;
				CLANG_WARN_OBJC_LITERAL_CONVERSION = YES;
				CLANG_WARN_OBJC_ROOT_CLASS = YES_ERROR;
				CLANG_WARN_QUOTED_INCLUDE_IN_FRAMEWORK_HEADER = YES;
				CLANG_WARN_RANGE_LOOP_ANALYSIS = YES;
				CLANG_WARN_STRICT_PROTOTYPES = YES;
				CLANG_WARN_SUSPICIOUS_MOVE = YES;
				CLANG_WARN_UNGUARDED_AVAILABILITY = YES_AGGRESSIVE;
				CLANG_WARN_UNREACHABLE_CODE = YES;
				CLANG_WARN__DUPLICATE_METHOD_MATCH = YES;
				COPY_PHASE_STRIP = NO;
				DEBUG_INFORMATION_FORMAT = "dwarf-with-dsym";
				ENABLE_NS_ASSERTIONS = NO;
				ENABLE_STRICT_OBJC_MSGSEND = YES;
				GCC_C_LANGUAGE_STANDARD = gnu11;
				GCC_NO_COMMON_BLOCKS = YES;
				GCC_WARN_64_TO_32_BIT_CONVERSION = YES;
				GCC_WARN_ABOUT_RETURN_TYPE = YES_ERROR;
				GCC_WARN_UNDECLARED_SELECTOR = YES;
				GCC_WARN_UNINITIALIZED_AUTOS = YES_AGGRESSIVE;
				GCC_WARN_UNUSED_FUNCTION = YES;
				GCC_WARN_UNUSED_VARIABLE = YES;
				IPHONEOS_DEPLOYMENT_TARGET = 15.5;
				MTL_ENABLE_DEBUG_INFO = NO;
				MTL_FAST_MATH = YES;
				SDKROOT = iphoneos;
				SWIFT_COMPILATION_MODE = wholemodule;
				SWIFT_OPTIMIZATION_LEVEL = "-O";
				VALIDATE_PRODUCT = YES;
			};
			name = Release;
		};
		4076391D292BA0F1009B302E /* Debug */ = {
			isa = XCBuildConfiguration;
			buildSettings = {
				ASSETCATALOG_COMPILER_APPICON_NAME = AppIcon;
				ASSETCATALOG_COMPILER_GLOBAL_ACCENT_COLOR_NAME = AccentColor;
				CODE_SIGN_STYLE = Automatic;
				CURRENT_PROJECT_VERSION = 1;
				DEVELOPMENT_TEAM = 32UYWBQW54;
				GENERATE_INFOPLIST_FILE = YES;
				INFOPLIST_FILE = BreakingBadApp/Info.plist;
				INFOPLIST_KEY_UIApplicationSupportsIndirectInputEvents = YES;
				INFOPLIST_KEY_UILaunchStoryboardName = LaunchScreen;
				INFOPLIST_KEY_UIMainStoryboardFile = Main;
				INFOPLIST_KEY_UISupportedInterfaceOrientations_iPad = "UIInterfaceOrientationPortrait UIInterfaceOrientationPortraitUpsideDown UIInterfaceOrientationLandscapeLeft UIInterfaceOrientationLandscapeRight";
				INFOPLIST_KEY_UISupportedInterfaceOrientations_iPhone = "UIInterfaceOrientationPortrait UIInterfaceOrientationLandscapeLeft UIInterfaceOrientationLandscapeRight";
				IPHONEOS_DEPLOYMENT_TARGET = 12.4;
				LD_RUNPATH_SEARCH_PATHS = (
					"$(inherited)",
					"@executable_path/Frameworks",
				);
				MARKETING_VERSION = 1.0;
				PRODUCT_BUNDLE_IDENTIFIER = hasanuysal.BreakingBadApp;
				PRODUCT_NAME = "$(TARGET_NAME)";
				SWIFT_EMIT_LOC_STRINGS = YES;
				SWIFT_VERSION = 5.0;
				TARGETED_DEVICE_FAMILY = "1,2";
			};
			name = Debug;
		};
		4076391E292BA0F1009B302E /* Release */ = {
			isa = XCBuildConfiguration;
			buildSettings = {
				ASSETCATALOG_COMPILER_APPICON_NAME = AppIcon;
				ASSETCATALOG_COMPILER_GLOBAL_ACCENT_COLOR_NAME = AccentColor;
				CODE_SIGN_STYLE = Automatic;
				CURRENT_PROJECT_VERSION = 1;
				DEVELOPMENT_TEAM = 32UYWBQW54;
				GENERATE_INFOPLIST_FILE = YES;
				INFOPLIST_FILE = BreakingBadApp/Info.plist;
				INFOPLIST_KEY_UIApplicationSupportsIndirectInputEvents = YES;
				INFOPLIST_KEY_UILaunchStoryboardName = LaunchScreen;
				INFOPLIST_KEY_UIMainStoryboardFile = Main;
				INFOPLIST_KEY_UISupportedInterfaceOrientations_iPad = "UIInterfaceOrientationPortrait UIInterfaceOrientationPortraitUpsideDown UIInterfaceOrientationLandscapeLeft UIInterfaceOrientationLandscapeRight";
				INFOPLIST_KEY_UISupportedInterfaceOrientations_iPhone = "UIInterfaceOrientationPortrait UIInterfaceOrientationLandscapeLeft UIInterfaceOrientationLandscapeRight";
				IPHONEOS_DEPLOYMENT_TARGET = 12.4;
				LD_RUNPATH_SEARCH_PATHS = (
					"$(inherited)",
					"@executable_path/Frameworks",
				);
				MARKETING_VERSION = 1.0;
				PRODUCT_BUNDLE_IDENTIFIER = hasanuysal.BreakingBadApp;
				PRODUCT_NAME = "$(TARGET_NAME)";
				SWIFT_EMIT_LOC_STRINGS = YES;
				SWIFT_VERSION = 5.0;
				TARGETED_DEVICE_FAMILY = "1,2";
			};
			name = Release;
		};
/* End XCBuildConfiguration section */

/* Begin XCConfigurationList section */
		40763903292BA0F0009B302E /* Build configuration list for PBXProject "BreakingBadApp" */ = {
			isa = XCConfigurationList;
			buildConfigurations = (
				4076391A292BA0F1009B302E /* Debug */,
				4076391B292BA0F1009B302E /* Release */,
			);
			defaultConfigurationIsVisible = 0;
			defaultConfigurationName = Release;
		};
		4076391C292BA0F1009B302E /* Build configuration list for PBXNativeTarget "BreakingBadApp" */ = {
			isa = XCConfigurationList;
			buildConfigurations = (
				4076391D292BA0F1009B302E /* Debug */,
				4076391E292BA0F1009B302E /* Release */,
			);
			defaultConfigurationIsVisible = 0;
			defaultConfigurationName = Release;
		};
/* End XCConfigurationList section */

/* Begin XCRemoteSwiftPackageReference section */
		404366072931099100BD9079 /* XCRemoteSwiftPackageReference "MaterialActivityIndicator" */ = {
			isa = XCRemoteSwiftPackageReference;
			repositoryURL = "https://github.com/nspavlo/MaterialActivityIndicator";
			requirement = {
				kind = upToNextMajorVersion;
				minimumVersion = 0.0.7;
			};
		};
		4043660E293120D100BD9079 /* XCRemoteSwiftPackageReference "SDWebImage" */ = {
			isa = XCRemoteSwiftPackageReference;
			repositoryURL = "https://github.com/SDWebImage/SDWebImage";
			requirement = {
				kind = upToNextMajorVersion;
				minimumVersion = 5.0.0;
			};
		};
		40436611293127BB00BD9079 /* XCRemoteSwiftPackageReference "SwiftAlertView" */ = {
			isa = XCRemoteSwiftPackageReference;
			repositoryURL = "https://github.com/dinhquan/SwiftAlertView";
			requirement = {
				kind = upToNextMajorVersion;
				minimumVersion = 2.0.0;
			};
		};
		40B394B22934A6CE00F05998 /* XCRemoteSwiftPackageReference "SDWebImage" */ = {
			isa = XCRemoteSwiftPackageReference;
			repositoryURL = "https://github.com/SDWebImage/SDWebImage";
			requirement = {
				branch = master;
				kind = branch;
			};
		};
/* End XCRemoteSwiftPackageReference section */

/* Begin XCSwiftPackageProductDependency section */
		40B394B62934A70800F05998 /* MaterialActivityIndicator */ = {
			isa = XCSwiftPackageProductDependency;
			package = 404366072931099100BD9079 /* XCRemoteSwiftPackageReference "MaterialActivityIndicator" */;
			productName = MaterialActivityIndicator;
		};
		40B394B82934A70C00F05998 /* SDWebImage */ = {
			isa = XCSwiftPackageProductDependency;
			package = 4043660E293120D100BD9079 /* XCRemoteSwiftPackageReference "SDWebImage" */;
			productName = SDWebImage;
		};
		40B394BA2934A71300F05998 /* SwiftAlertView */ = {
			isa = XCSwiftPackageProductDependency;
			package = 40436611293127BB00BD9079 /* XCRemoteSwiftPackageReference "SwiftAlertView" */;
			productName = SwiftAlertView;
		};
/* End XCSwiftPackageProductDependency section */

/* Begin XCVersionGroup section */
		40B394BE2934C8A700F05998 /* NoteCoreDataModel.xcdatamodeld */ = {
			isa = XCVersionGroup;
			children = (
				40B394BF2934C8A700F05998 /* NoteCoreDataModel.xcdatamodel */,
			);
			currentVersion = 40B394BF2934C8A700F05998 /* NoteCoreDataModel.xcdatamodel */;
			path = NoteCoreDataModel.xcdatamodeld;
			sourceTree = "<group>";
			versionGroupType = wrapper.xcdatamodel;
		};
/* End XCVersionGroup section */
	};
	rootObject = 40763900292BA0F0009B302E /* Project object */;
}
